// !$*UTF8*$!
{
	archiveVersion = 1;
	classes = {
	};
	objectVersion = 56;
	objects = {

/* Begin PBXBuildFile section */
		A0DA591A28DA52A80060577C /* AppDelegate.swift in Sources */ = {isa = PBXBuildFile; fileRef = A0DA591928DA52A80060577C /* AppDelegate.swift */; };
		A0DA591C28DA52A80060577C /* SceneDelegate.swift in Sources */ = {isa = PBXBuildFile; fileRef = A0DA591B28DA52A80060577C /* SceneDelegate.swift */; };
		A0DA591E28DA52A80060577C /* ViewController.swift in Sources */ = {isa = PBXBuildFile; fileRef = A0DA591D28DA52A80060577C /* ViewController.swift */; };
		A0DA592128DA52A80060577C /* Main.storyboard in Resources */ = {isa = PBXBuildFile; fileRef = A0DA591F28DA52A80060577C /* Main.storyboard */; };
		A0DA592328DA52A90060577C /* Assets.xcassets in Resources */ = {isa = PBXBuildFile; fileRef = A0DA592228DA52A90060577C /* Assets.xcassets */; };
		A0DA592628DA52A90060577C /* LaunchScreen.storyboard in Resources */ = {isa = PBXBuildFile; fileRef = A0DA592428DA52A90060577C /* LaunchScreen.storyboard */; };
		A0DA593128DA52A90060577C /* FoodBrowserTests.swift in Sources */ = {isa = PBXBuildFile; fileRef = A0DA593028DA52A90060577C /* FoodBrowserTests.swift */; };
		A0DA593B28DA52A90060577C /* FoodBrowserUITests.swift in Sources */ = {isa = PBXBuildFile; fileRef = A0DA593A28DA52A90060577C /* FoodBrowserUITests.swift */; };
		A0DA593D28DA52A90060577C /* FoodBrowserUITestsLaunchTests.swift in Sources */ = {isa = PBXBuildFile; fileRef = A0DA593C28DA52A90060577C /* FoodBrowserUITestsLaunchTests.swift */; };
/* End PBXBuildFile section */

/* Begin PBXContainerItemProxy section */
		A0DA592D28DA52A90060577C /* PBXContainerItemProxy */ = {
			isa = PBXContainerItemProxy;
			containerPortal = A0DA590E28DA52A80060577C /* Project object */;
			proxyType = 1;
			remoteGlobalIDString = A0DA591528DA52A80060577C;
			remoteInfo = FoodBrowser;
		};
		A0DA593728DA52A90060577C /* PBXContainerItemProxy */ = {
			isa = PBXContainerItemProxy;
			containerPortal = A0DA590E28DA52A80060577C /* Project object */;
			proxyType = 1;
			remoteGlobalIDString = A0DA591528DA52A80060577C;
			remoteInfo = FoodBrowser;
		};
/* End PBXContainerItemProxy section */

/* Begin PBXFileReference section */
		A0DA591628DA52A80060577C /* FoodBrowser.app */ = {isa = PBXFileReference; explicitFileType = wrapper.application; includeInIndex = 0; path = FoodBrowser.app; sourceTree = BUILT_PRODUCTS_DIR; };
		A0DA591928DA52A80060577C /* AppDelegate.swift */ = {isa = PBXFileReference; lastKnownFileType = sourcecode.swift; path = AppDelegate.swift; sourceTree = "<group>"; };
		A0DA591B28DA52A80060577C /* SceneDelegate.swift */ = {isa = PBXFileReference; lastKnownFileType = sourcecode.swift; path = SceneDelegate.swift; sourceTree = "<group>"; };
		A0DA591D28DA52A80060577C /* ViewController.swift */ = {isa = PBXFileReference; lastKnownFileType = sourcecode.swift; path = ViewController.swift; sourceTree = "<group>"; };
		A0DA592028DA52A80060577C /* Base */ = {isa = PBXFileReference; lastKnownFileType = file.storyboard; name = Base; path = Base.lproj/Main.storyboard; sourceTree = "<group>"; };
		A0DA592228DA52A90060577C /* Assets.xcassets */ = {isa = PBXFileReference; lastKnownFileType = folder.assetcatalog; path = Assets.xcassets; sourceTree = "<group>"; };
		A0DA592528DA52A90060577C /* Base */ = {isa = PBXFileReference; lastKnownFileType = file.storyboard; name = Base; path = Base.lproj/LaunchScreen.storyboard; sourceTree = "<group>"; };
		A0DA592728DA52A90060577C /* Info.plist */ = {isa = PBXFileReference; lastKnownFileType = text.plist.xml; path = Info.plist; sourceTree = "<group>"; };
		A0DA592C28DA52A90060577C /* FoodBrowserTests.xctest */ = {isa = PBXFileReference; explicitFileType = wrapper.cfbundle; includeInIndex = 0; path = FoodBrowserTests.xctest; sourceTree = BUILT_PRODUCTS_DIR; };
		A0DA593028DA52A90060577C /* FoodBrowserTests.swift */ = {isa = PBXFileReference; lastKnownFileType = sourcecode.swift; path = FoodBrowserTests.swift; sourceTree = "<group>"; };
		A0DA593628DA52A90060577C /* FoodBrowserUITests.xctest */ = {isa = PBXFileReference; explicitFileType = wrapper.cfbundle; includeInIndex = 0; path = FoodBrowserUITests.xctest; sourceTree = BUILT_PRODUCTS_DIR; };
		A0DA593A28DA52A90060577C /* FoodBrowserUITests.swift */ = {isa = PBXFileReference; lastKnownFileType = sourcecode.swift; path = FoodBrowserUITests.swift; sourceTree = "<group>"; };
		A0DA593C28DA52A90060577C /* FoodBrowserUITestsLaunchTests.swift */ = {isa = PBXFileReference; lastKnownFileType = sourcecode.swift; path = FoodBrowserUITestsLaunchTests.swift; sourceTree = "<group>"; };
/* End PBXFileReference section */

/* Begin PBXFrameworksBuildPhase section */
		A0DA591328DA52A80060577C /* Frameworks */ = {
			isa = PBXFrameworksBuildPhase;
			buildActionMask = 2147483647;
			files = (
			);
			runOnlyForDeploymentPostprocessing = 0;
		};
		A0DA592928DA52A90060577C /* Frameworks */ = {
			isa = PBXFrameworksBuildPhase;
			buildActionMask = 2147483647;
			files = (
			);
			runOnlyForDeploymentPostprocessing = 0;
		};
		A0DA593328DA52A90060577C /* Frameworks */ = {
			isa = PBXFrameworksBuildPhase;
			buildActionMask = 2147483647;
			files = (
			);
			runOnlyForDeploymentPostprocessing = 0;
		};
/* End PBXFrameworksBuildPhase section */

/* Begin PBXGroup section */
		A0DA590D28DA52A80060577C = {
			isa = PBXGroup;
			children = (
				A0DA591828DA52A80060577C /* FoodBrowser */,
				A0DA592F28DA52A90060577C /* FoodBrowserTests */,
				A0DA593928DA52A90060577C /* FoodBrowserUITests */,
				A0DA591728DA52A80060577C /* Products */,
			);
			sourceTree = "<group>";
		};
		A0DA591728DA52A80060577C /* Products */ = {
			isa = PBXGroup;
			children = (
				A0DA591628DA52A80060577C /* FoodBrowser.app */,
				A0DA592C28DA52A90060577C /* FoodBrowserTests.xctest */,
				A0DA593628DA52A90060577C /* FoodBrowserUITests.xctest */,
			);
			name = Products;
			sourceTree = "<group>";
		};
		A0DA591828DA52A80060577C /* FoodBrowser */ = {
			isa = PBXGroup;
			children = (
				A0DA591928DA52A80060577C /* AppDelegate.swift */,
				A0DA591B28DA52A80060577C /* SceneDelegate.swift */,
				A0DA591D28DA52A80060577C /* ViewController.swift */,
				A0DA591F28DA52A80060577C /* Main.storyboard */,
				A0DA592228DA52A90060577C /* Assets.xcassets */,
				A0DA592428DA52A90060577C /* LaunchScreen.storyboard */,
				A0DA592728DA52A90060577C /* Info.plist */,
			);
			path = FoodBrowser;
			sourceTree = "<group>";
		};
		A0DA592F28DA52A90060577C /* FoodBrowserTests */ = {
			isa = PBXGroup;
			children = (
				A0DA593028DA52A90060577C /* FoodBrowserTests.swift */,
			);
			path = FoodBrowserTests;
			sourceTree = "<group>";
		};
		A0DA593928DA52A90060577C /* FoodBrowserUITests */ = {
			isa = PBXGroup;
			children = (
				A0DA593A28DA52A90060577C /* FoodBrowserUITests.swift */,
				A0DA593C28DA52A90060577C /* FoodBrowserUITestsLaunchTests.swift */,
			);
			path = FoodBrowserUITests;
			sourceTree = "<group>";
		};
/* End PBXGroup section */

/* Begin PBXNativeTarget section */
		A0DA591528DA52A80060577C /* FoodBrowser */ = {
			isa = PBXNativeTarget;
			buildConfigurationList = A0DA594028DA52A90060577C /* Build configuration list for PBXNativeTarget "FoodBrowser" */;
			buildPhases = (
				A0DA591228DA52A80060577C /* Sources */,
				A0DA591328DA52A80060577C /* Frameworks */,
				A0DA591428DA52A80060577C /* Resources */,
			);
			buildRules = (
			);
			dependencies = (
			);
			name = FoodBrowser;
			productName = FoodBrowser;
			productReference = A0DA591628DA52A80060577C /* FoodBrowser.app */;
			productType = "com.apple.product-type.application";
		};
		A0DA592B28DA52A90060577C /* FoodBrowserTests */ = {
			isa = PBXNativeTarget;
			buildConfigurationList = A0DA594328DA52A90060577C /* Build configuration list for PBXNativeTarget "FoodBrowserTests" */;
			buildPhases = (
				A0DA592828DA52A90060577C /* Sources */,
				A0DA592928DA52A90060577C /* Frameworks */,
				A0DA592A28DA52A90060577C /* Resources */,
			);
			buildRules = (
			);
			dependencies = (
				A0DA592E28DA52A90060577C /* PBXTargetDependency */,
			);
			name = FoodBrowserTests;
			productName = FoodBrowserTests;
			productReference = A0DA592C28DA52A90060577C /* FoodBrowserTests.xctest */;
			productType = "com.apple.product-type.bundle.unit-test";
		};
		A0DA593528DA52A90060577C /* FoodBrowserUITests */ = {
			isa = PBXNativeTarget;
			buildConfigurationList = A0DA594628DA52A90060577C /* Build configuration list for PBXNativeTarget "FoodBrowserUITests" */;
			buildPhases = (
				A0DA593228DA52A90060577C /* Sources */,
				A0DA593328DA52A90060577C /* Frameworks */,
				A0DA593428DA52A90060577C /* Resources */,
			);
			buildRules = (
			);
			dependencies = (
				A0DA593828DA52A90060577C /* PBXTargetDependency */,
			);
			name = FoodBrowserUITests;
			productName = FoodBrowserUITests;
			productReference = A0DA593628DA52A90060577C /* FoodBrowserUITests.xctest */;
			productType = "com.apple.product-type.bundle.ui-testing";
		};
/* End PBXNativeTarget section */

/* Begin PBXProject section */
		A0DA590E28DA52A80060577C /* Project object */ = {
			isa = PBXProject;
			attributes = {
				BuildIndependentTargetsInParallel = 1;
				LastSwiftUpdateCheck = 1400;
				LastUpgradeCheck = 1400;
				TargetAttributes = {
					A0DA591528DA52A80060577C = {
						CreatedOnToolsVersion = 14.0;
					};
					A0DA592B28DA52A90060577C = {
						CreatedOnToolsVersion = 14.0;
						TestTargetID = A0DA591528DA52A80060577C;
					};
					A0DA593528DA52A90060577C = {
						CreatedOnToolsVersion = 14.0;
						TestTargetID = A0DA591528DA52A80060577C;
					};
				};
			};
			buildConfigurationList = A0DA591128DA52A80060577C /* Build configuration list for PBXProject "FoodBrowser" */;
			compatibilityVersion = "Xcode 14.0";
			developmentRegion = en;
			hasScannedForEncodings = 0;
			knownRegions = (
				en,
				Base,
			);
			mainGroup = A0DA590D28DA52A80060577C;
			productRefGroup = A0DA591728DA52A80060577C /* Products */;
			projectDirPath = "";
			projectRoot = "";
			targets = (
				A0DA591528DA52A80060577C /* FoodBrowser */,
				A0DA592B28DA52A90060577C /* FoodBrowserTests */,
				A0DA593528DA52A90060577C /* FoodBrowserUITests */,
			);
		};
/* End PBXProject section */

/* Begin PBXResourcesBuildPhase section */
		A0DA591428DA52A80060577C /* Resources */ = {
			isa = PBXResourcesBuildPhase;
			buildActionMask = 2147483647;
			files = (
				A0DA592628DA52A90060577C /* LaunchScreen.storyboard in Resources */,
				A0DA592328DA52A90060577C /* Assets.xcassets in Resources */,
				A0DA592128DA52A80060577C /* Main.storyboard in Resources */,
			);
			runOnlyForDeploymentPostprocessing = 0;
		};
		A0DA592A28DA52A90060577C /* Resources */ = {
			isa = PBXResourcesBuildPhase;
			buildActionMask = 2147483647;
			files = (
			);
			runOnlyForDeploymentPostprocessing = 0;
		};
		A0DA593428DA52A90060577C /* Resources */ = {
			isa = PBXResourcesBuildPhase;
			buildActionMask = 2147483647;
			files = (
			);
			runOnlyForDeploymentPostprocessing = 0;
		};
/* End PBXResourcesBuildPhase section */

/* Begin PBXSourcesBuildPhase section */
		A0DA591228DA52A80060577C /* Sources */ = {
			isa = PBXSourcesBuildPhase;
			buildActionMask = 2147483647;
			files = (
				A0DA591E28DA52A80060577C /* ViewController.swift in Sources */,
				A0DA591A28DA52A80060577C /* AppDelegate.swift in Sources */,
				A0DA591C28DA52A80060577C /* SceneDelegate.swift in Sources */,
			);
			runOnlyForDeploymentPostprocessing = 0;
		};
		A0DA592828DA52A90060577C /* Sources */ = {
			isa = PBXSourcesBuildPhase;
			buildActionMask = 2147483647;
			files = (
				A0DA593128DA52A90060577C /* FoodBrowserTests.swift in Sources */,
			);
			runOnlyForDeploymentPostprocessing = 0;
		};
		A0DA593228DA52A90060577C /* Sources */ = {
			isa = PBXSourcesBuildPhase;
			buildActionMask = 2147483647;
			files = (
				A0DA593B28DA52A90060577C /* FoodBrowserUITests.swift in Sources */,
				A0DA593D28DA52A90060577C /* FoodBrowserUITestsLaunchTests.swift in Sources */,
			);
			runOnlyForDeploymentPostprocessing = 0;
		};
/* End PBXSourcesBuildPhase section */

/* Begin PBXTargetDependency section */
		A0DA592E28DA52A90060577C /* PBXTargetDependency */ = {
			isa = PBXTargetDependency;
			target = A0DA591528DA52A80060577C /* FoodBrowser */;
			targetProxy = A0DA592D28DA52A90060577C /* PBXContainerItemProxy */;
		};
		A0DA593828DA52A90060577C /* PBXTargetDependency */ = {
			isa = PBXTargetDependency;
			target = A0DA591528DA52A80060577C /* FoodBrowser */;
			targetProxy = A0DA593728DA52A90060577C /* PBXContainerItemProxy */;
		};
/* End PBXTargetDependency section */

/* Begin PBXVariantGroup section */
		A0DA591F28DA52A80060577C /* Main.storyboard */ = {
			isa = PBXVariantGroup;
			children = (
				A0DA592028DA52A80060577C /* Base */,
			);
			name = Main.storyboard;
			sourceTree = "<group>";
		};
		A0DA592428DA52A90060577C /* LaunchScreen.storyboard */ = {
			isa = PBXVariantGroup;
			children = (
				A0DA592528DA52A90060577C /* Base */,
			);
			name = LaunchScreen.storyboard;
			sourceTree = "<group>";
		};
/* End PBXVariantGroup section */

/* Begin XCBuildConfiguration section */
		A0DA593E28DA52A90060577C /* Debug */ = {
			isa = XCBuildConfiguration;
			buildSettings = {
				ALWAYS_SEARCH_USER_PATHS = NO;
				CLANG_ANALYZER_NONNULL = YES;
				CLANG_ANALYZER_NUMBER_OBJECT_CONVERSION = YES_AGGRESSIVE;
				CLANG_CXX_LANGUAGE_STANDARD = "gnu++20";
				CLANG_ENABLE_MODULES = YES;
				CLANG_ENABLE_OBJC_ARC = YES;
				CLANG_ENABLE_OBJC_WEAK = YES;
				CLANG_WARN_BLOCK_CAPTURE_AUTORELEASING = YES;
				CLANG_WARN_BOOL_CONVERSION = YES;
				CLANG_WARN_COMMA = YES;
				CLANG_WARN_CONSTANT_CONVERSION = YES;
				CLANG_WARN_DEPRECATED_OBJC_IMPLEMENTATIONS = YES;
				CLANG_WARN_DIRECT_OBJC_ISA_USAGE = YES_ERROR;
				CLANG_WARN_DOCUMENTATION_COMMENTS = YES;
				CLANG_WARN_EMPTY_BODY = YES;
				CLANG_WARN_ENUM_CONVERSION = YES;
				CLANG_WARN_INFINITE_RECURSION = YES;
				CLANG_WARN_INT_CONVERSION = YES;
				CLANG_WARN_NON_LITERAL_NULL_CONVERSION = YES;
				CLANG_WARN_OBJC_IMPLICIT_RETAIN_SELF = YES;
				CLANG_WARN_OBJC_LITERAL_CONVERSION = YES;
				CLANG_WARN_OBJC_ROOT_CLASS = YES_ERROR;
				CLANG_WARN_QUOTED_INCLUDE_IN_FRAMEWORK_HEADER = YES;
				CLANG_WARN_RANGE_LOOP_ANALYSIS = YES;
				CLANG_WARN_STRICT_PROTOTYPES = YES;
				CLANG_WARN_SUSPICIOUS_MOVE = YES;
				CLANG_WARN_UNGUARDED_AVAILABILITY = YES_AGGRESSIVE;
				CLANG_WARN_UNREACHABLE_CODE = YES;
				CLANG_WARN__DUPLICATE_METHOD_MATCH = YES;
				COPY_PHASE_STRIP = NO;
				DEBUG_INFORMATION_FORMAT = dwarf;
				ENABLE_STRICT_OBJC_MSGSEND = YES;
				ENABLE_TESTABILITY = YES;
				GCC_C_LANGUAGE_STANDARD = gnu11;
				GCC_DYNAMIC_NO_PIC = NO;
				GCC_NO_COMMON_BLOCKS = YES;
				GCC_OPTIMIZATION_LEVEL = 0;
				GCC_PREPROCESSOR_DEFINITIONS = (
					"DEBUG=1",
					"$(inherited)",
				);
				GCC_WARN_64_TO_32_BIT_CONVERSION = YES;
				GCC_WARN_ABOUT_RETURN_TYPE = YES_ERROR;
				GCC_WARN_UNDECLARED_SELECTOR = YES;
				GCC_WARN_UNINITIALIZED_AUTOS = YES_AGGRESSIVE;
				GCC_WARN_UNUSED_FUNCTION = YES;
				GCC_WARN_UNUSED_VARIABLE = YES;
				IPHONEOS_DEPLOYMENT_TARGET = 16.0;
				MTL_ENABLE_DEBUG_INFO = INCLUDE_SOURCE;
				MTL_FAST_MATH = YES;
				ONLY_ACTIVE_ARCH = YES;
				SDKROOT = iphoneos;
				SWIFT_ACTIVE_COMPILATION_CONDITIONS = DEBUG;
				SWIFT_OPTIMIZATION_LEVEL = "-Onone";
			};
			name = Debug;
		};
		A0DA593F28DA52A90060577C /* Release */ = {
			isa = XCBuildConfiguration;
			buildSettings = {
				ALWAYS_SEARCH_USER_PATHS = NO;
				CLANG_ANALYZER_NONNULL = YES;
				CLANG_ANALYZER_NUMBER_OBJECT_CONVERSION = YES_AGGRESSIVE;
				CLANG_CXX_LANGUAGE_STANDARD = "gnu++20";
				CLANG_ENABLE_MODULES = YES;
				CLANG_ENABLE_OBJC_ARC = YES;
				CLANG_ENABLE_OBJC_WEAK = YES;
				CLANG_WARN_BLOCK_CAPTURE_AUTORELEASING = YES;
				CLANG_WARN_BOOL_CONVERSION = YES;
				CLANG_WARN_COMMA = YES;
				CLANG_WARN_CONSTANT_CONVERSION = YES;
				CLANG_WARN_DEPRECATED_OBJC_IMPLEMENTATIONS = YES;
				CLANG_WARN_DIRECT_OBJC_ISA_USAGE = YES_ERROR;
				CLANG_WARN_DOCUMENTATION_COMMENTS = YES;
				CLANG_WARN_EMPTY_BODY = YES;
				CLANG_WARN_ENUM_CONVERSION = YES;
				CLANG_WARN_INFINITE_RECURSION = YES;
				CLANG_WARN_INT_CONVERSION = YES;
				CLANG_WARN_NON_LITERAL_NULL_CONVERSION = YES;
				CLANG_WARN_OBJC_IMPLICIT_RETAIN_SELF = YES;
				CLANG_WARN_OBJC_LITERAL_CONVERSION = YES;
				CLANG_WARN_OBJC_ROOT_CLASS = YES_ERROR;
				CLANG_WARN_QUOTED_INCLUDE_IN_FRAMEWORK_HEADER = YES;
				CLANG_WARN_RANGE_LOOP_ANALYSIS = YES;
				CLANG_WARN_STRICT_PROTOTYPES = YES;
				CLANG_WARN_SUSPICIOUS_MOVE = YES;
				CLANG_WARN_UNGUARDED_AVAILABILITY = YES_AGGRESSIVE;
				CLANG_WARN_UNREACHABLE_CODE = YES;
				CLANG_WARN__DUPLICATE_METHOD_MATCH = YES;
				COPY_PHASE_STRIP = NO;
				DEBUG_INFORMATION_FORMAT = "dwarf-with-dsym";
				ENABLE_NS_ASSERTIONS = NO;
				ENABLE_STRICT_OBJC_MSGSEND = YES;
				GCC_C_LANGUAGE_STANDARD = gnu11;
				GCC_NO_COMMON_BLOCKS = YES;
				GCC_WARN_64_TO_32_BIT_CONVERSION = YES;
				GCC_WARN_ABOUT_RETURN_TYPE = YES_ERROR;
				GCC_WARN_UNDECLARED_SELECTOR = YES;
				GCC_WARN_UNINITIALIZED_AUTOS = YES_AGGRESSIVE;
				GCC_WARN_UNUSED_FUNCTION = YES;
				GCC_WARN_UNUSED_VARIABLE = YES;
				IPHONEOS_DEPLOYMENT_TARGET = 16.0;
				MTL_ENABLE_DEBUG_INFO = NO;
				MTL_FAST_MATH = YES;
				SDKROOT = iphoneos;
				SWIFT_COMPILATION_MODE = wholemodule;
				SWIFT_OPTIMIZATION_LEVEL = "-O";
				VALIDATE_PRODUCT = YES;
			};
			name = Release;
		};
		A0DA594128DA52A90060577C /* Debug */ = {
			isa = XCBuildConfiguration;
			buildSettings = {
				ASSETCATALOG_COMPILER_APPICON_NAME = AppIcon;
				ASSETCATALOG_COMPILER_GLOBAL_ACCENT_COLOR_NAME = AccentColor;
				CODE_SIGN_STYLE = Automatic;
				CURRENT_PROJECT_VERSION = 1;
				DEVELOPMENT_TEAM = XU5L5C2AZB;
				GENERATE_INFOPLIST_FILE = YES;
				INFOPLIST_FILE = FoodBrowser/Info.plist;
				INFOPLIST_KEY_UIApplicationSupportsIndirectInputEvents = YES;
				INFOPLIST_KEY_UILaunchStoryboardName = LaunchScreen;
				INFOPLIST_KEY_UIMainStoryboardFile = Main;
				INFOPLIST_KEY_UISupportedInterfaceOrientations_iPad = "UIInterfaceOrientationPortrait UIInterfaceOrientationPortraitUpsideDown UIInterfaceOrientationLandscapeLeft UIInterfaceOrientationLandscapeRight";
				INFOPLIST_KEY_UISupportedInterfaceOrientations_iPhone = "UIInterfaceOrientationPortrait UIInterfaceOrientationLandscapeLeft UIInterfaceOrientationLandscapeRight";
				LD_RUNPATH_SEARCH_PATHS = (
					"$(inherited)",
					"@executable_path/Frameworks",
				);
				MARKETING_VERSION = 1.0;
				PRODUCT_BUNDLE_IDENTIFIER = hr.vicon.FoodBrowser;
				PRODUCT_NAME = "$(TARGET_NAME)";
				SWIFT_EMIT_LOC_STRINGS = YES;
				SWIFT_VERSION = 5.0;
				TARGETED_DEVICE_FAMILY = "1,2";
			};
			name = Debug;
		};
		A0DA594228DA52A90060577C /* Release */ = {
			isa = XCBuildConfiguration;
			buildSettings = {
				ASSETCATALOG_COMPILER_APPICON_NAME = AppIcon;
				ASSETCATALOG_COMPILER_GLOBAL_ACCENT_COLOR_NAME = AccentColor;
				CODE_SIGN_STYLE = Automatic;
				CURRENT_PROJECT_VERSION = 1;
				DEVELOPMENT_TEAM = XU5L5C2AZB;
				GENERATE_INFOPLIST_FILE = YES;
				INFOPLIST_FILE = FoodBrowser/Info.plist;
				INFOPLIST_KEY_UIApplicationSupportsIndirectInputEvents = YES;
				INFOPLIST_KEY_UILaunchStoryboardName = LaunchScreen;
				INFOPLIST_KEY_UIMainStoryboardFile = Main;
				INFOPLIST_KEY_UISupportedInterfaceOrientations_iPad = "UIInterfaceOrientationPortrait UIInterfaceOrientationPortraitUpsideDown UIInterfaceOrientationLandscapeLeft UIInterfaceOrientationLandscapeRight";
				INFOPLIST_KEY_UISupportedInterfaceOrientations_iPhone = "UIInterfaceOrientationPortrait UIInterfaceOrientationLandscapeLeft UIInterfaceOrientationLandscapeRight";
				LD_RUNPATH_SEARCH_PATHS = (
					"$(inherited)",
					"@executable_path/Frameworks",
				);
				MARKETING_VERSION = 1.0;
				PRODUCT_BUNDLE_IDENTIFIER = hr.vicon.FoodBrowser;
				PRODUCT_NAME = "$(TARGET_NAME)";
				SWIFT_EMIT_LOC_STRINGS = YES;
				SWIFT_VERSION = 5.0;
				TARGETED_DEVICE_FAMILY = "1,2";
			};
			name = Release;
		};
		A0DA594428DA52A90060577C /* Debug */ = {
			isa = XCBuildConfiguration;
			buildSettings = {
				ALWAYS_EMBED_SWIFT_STANDARD_LIBRARIES = YES;
				BUNDLE_LOADER = "$(TEST_HOST)";
				CODE_SIGN_STYLE = Automatic;
				CURRENT_PROJECT_VERSION = 1;
				DEVELOPMENT_TEAM = XU5L5C2AZB;
				GENERATE_INFOPLIST_FILE = YES;
				IPHONEOS_DEPLOYMENT_TARGET = 16.0;
				MARKETING_VERSION = 1.0;
				PRODUCT_BUNDLE_IDENTIFIER = hr.vicon.FoodBrowserTests;
				PRODUCT_NAME = "$(TARGET_NAME)";
				SWIFT_EMIT_LOC_STRINGS = NO;
				SWIFT_VERSION = 5.0;
				TARGETED_DEVICE_FAMILY = "1,2";
				TEST_HOST = "$(BUILT_PRODUCTS_DIR)/FoodBrowser.app/$(BUNDLE_EXECUTABLE_FOLDER_PATH)/FoodBrowser";
			};
			name = Debug;
		};
		A0DA594528DA52A90060577C /* Release */ = {
			isa = XCBuildConfiguration;
			buildSettings = {
				ALWAYS_EMBED_SWIFT_STANDARD_LIBRARIES = YES;
				BUNDLE_LOADER = "$(TEST_HOST)";
				CODE_SIGN_STYLE = Automatic;
				CURRENT_PROJECT_VERSION = 1;
				DEVELOPMENT_TEAM = XU5L5C2AZB;
				GENERATE_INFOPLIST_FILE = YES;
				IPHONEOS_DEPLOYMENT_TARGET = 16.0;
				MARKETING_VERSION = 1.0;
				PRODUCT_BUNDLE_IDENTIFIER = hr.vicon.FoodBrowserTests;
				PRODUCT_NAME = "$(TARGET_NAME)";
				SWIFT_EMIT_LOC_STRINGS = NO;
				SWIFT_VERSION = 5.0;
				TARGETED_DEVICE_FAMILY = "1,2";
				TEST_HOST = "$(BUILT_PRODUCTS_DIR)/FoodBrowser.app/$(BUNDLE_EXECUTABLE_FOLDER_PATH)/FoodBrowser";
			};
			name = Release;
		};
		A0DA594728DA52A90060577C /* Debug */ = {
			isa = XCBuildConfiguration;
			buildSettings = {
				ALWAYS_EMBED_SWIFT_STANDARD_LIBRARIES = YES;
				CODE_SIGN_STYLE = Automatic;
				CURRENT_PROJECT_VERSION = 1;
				DEVELOPMENT_TEAM = XU5L5C2AZB;
				GENERATE_INFOPLIST_FILE = YES;
				MARKETING_VERSION = 1.0;
				PRODUCT_BUNDLE_IDENTIFIER = hr.vicon.FoodBrowserUITests;
				PRODUCT_NAME = "$(TARGET_NAME)";
				SWIFT_EMIT_LOC_STRINGS = NO;
				SWIFT_VERSION = 5.0;
				TARGETED_DEVICE_FAMILY = "1,2";
				TEST_TARGET_NAME = FoodBrowser;
			};
			name = Debug;
		};
		A0DA594828DA52A90060577C /* Release */ = {
			isa = XCBuildConfiguration;
			buildSettings = {
				ALWAYS_EMBED_SWIFT_STANDARD_LIBRARIES = YES;
				CODE_SIGN_STYLE = Automatic;
				CURRENT_PROJECT_VERSION = 1;
				DEVELOPMENT_TEAM = XU5L5C2AZB;
				GENERATE_INFOPLIST_FILE = YES;
				MARKETING_VERSION = 1.0;
				PRODUCT_BUNDLE_IDENTIFIER = hr.vicon.FoodBrowserUITests;
				PRODUCT_NAME = "$(TARGET_NAME)";
				SWIFT_EMIT_LOC_STRINGS = NO;
				SWIFT_VERSION = 5.0;
				TARGETED_DEVICE_FAMILY = "1,2";
				TEST_TARGET_NAME = FoodBrowser;
			};
			name = Release;
		};
/* End XCBuildConfiguration section */

/* Begin XCConfigurationList section */
		A0DA591128DA52A80060577C /* Build configuration list for PBXProject "FoodBrowser" */ = {
			isa = XCConfigurationList;
			buildConfigurations = (
				A0DA593E28DA52A90060577C /* Debug */,
				A0DA593F28DA52A90060577C /* Release */,
			);
			defaultConfigurationIsVisible = 0;
			defaultConfigurationName = Release;
		};
		A0DA594028DA52A90060577C /* Build configuration list for PBXNativeTarget "FoodBrowser" */ = {
			isa = XCConfigurationList;
			buildConfigurations = (
				A0DA594128DA52A90060577C /* Debug */,
				A0DA594228DA52A90060577C /* Release */,
			);
			defaultConfigurationIsVisible = 0;
			defaultConfigurationName = Release;
		};
		A0DA594328DA52A90060577C /* Build configuration list for PBXNativeTarget "FoodBrowserTests" */ = {
			isa = XCConfigurationList;
			buildConfigurations = (
				A0DA594428DA52A90060577C /* Debug */,
				A0DA594528DA52A90060577C /* Release */,
			);
			defaultConfigurationIsVisible = 0;
			defaultConfigurationName = Release;
		};
		A0DA594628DA52A90060577C /* Build configuration list for PBXNativeTarget "FoodBrowserUITests" */ = {
			isa = XCConfigurationList;
			buildConfigurations = (
				A0DA594728DA52A90060577C /* Debug */,
				A0DA594828DA52A90060577C /* Release */,
			);
			defaultConfigurationIsVisible = 0;
			defaultConfigurationName = Release;
		};
/* End XCConfigurationList section */
	};
	rootObject = A0DA590E28DA52A80060577C /* Project object */;
}
